
Microsoft Visual Studio Solution File, Format Version 12.00
# Visual Studio 14
VisualStudioVersion = 14.0.25420.1
MinimumVisualStudioVersion = 10.0.40219.1
Project("{FAE04EC0-301F-11D3-BF4B-00C04F79EFBC}") = "AngularDemo3", "AngularDemo3\AngularDemo3.csproj", "{CA3ADABA-948A-472B-86C4-962799208450}"
EndProject
Project("{FAE04EC0-301F-11D3-BF4B-00C04F79EFBC}") = "EmployeeWebApiService", "EmployeeWebApiService\EmployeeWebApiService.csproj", "{27EA3A33-1AA0-4554-9F95-78ED0EC2411B}"
EndProject
Global
	GlobalSection(SolutionConfigurationPlatforms) = preSolution
		Debug|Any CPU = Debug|Any CPU
		Release|Any CPU = Release|Any CPU
	EndGlobalSection
	GlobalSection(ProjectConfigurationPlatforms) = postSolution
		{CA3ADABA-948A-472B-86C4-962799208450}.Debug|Any CPU.ActiveCfg = Debug|Any CPU
		{CA3ADABA-948A-472B-86C4-962799208450}.Debug|Any CPU.Build.0 = Debug|Any CPU
		{CA3ADABA-948A-472B-86C4-962799208450}.Release|Any CPU.ActiveCfg = Release|Any CPU
		{CA3ADABA-948A-472B-86C4-962799208450}.Release|Any CPU.Build.0 = Release|Any CPU
		{27EA3A33-1AA0-4554-9F95-78ED0EC2411B}.Debug|Any CPU.ActiveCfg = Debug|Any CPU
		{27EA3A33-1AA0-4554-9F95-78ED0EC2411B}.Debug|Any CPU.Build.0 = Debug|Any CPU
		{27EA3A33-1AA0-4554-9F95-78ED0EC2411B}.Release|Any CPU.ActiveCfg = Release|Any CPU
		{27EA3A33-1AA0-4554-9F95-78ED0EC2411B}.Release|Any CPU.Build.0 = Release|Any CPU
	EndGlobalSection
	GlobalSection(SolutionProperties) = preSolution
		HideSolutionNode = FALSE
	EndGlobalSection
EndGlobal
